{
  "requires": true,
  "lockfileVersion": 1,
  "dependencies": {
    "jquery-mousewheel": {
      "version": "3.1.13",
      "resolved": "https://registry.npmjs.org/jquery-mousewheel/-/jquery-mousewheel-3.1.13.tgz",
      "integrity": "sha1-BvAzXxbjU6aV5yBr9QUDy1I6buU="
    },
    "particles.js": {
      "version": "2.0.0",
      "resolved": "https://registry.npmjs.org/particles.js/-/particles.js-2.0.0.tgz",
      "integrity": "sha1-IThsQyjWx/lngKIB6W7t/AnHNvY="
    },
    "yarn": {
      "version": "1.5.1",
      "resolved": "https://registry.npmjs.org/yarn/-/yarn-1.5.1.tgz",
      "integrity": "sha1-6GgDYOgyrIlSHrgNrTp7wnpAurQ="
    }
  }
}
